
Microsoft Visual Studio Solution File, Format Version 12.00
# Visual Studio Version 17
VisualStudioVersion = 17.7.34202.233
MinimumVisualStudioVersion = 10.0.40219.1
Project("{8BC9CEB8-8B4A-11D0-8D11-00A0C91BC942}") = "VJEZBA4", "VJEZBA4\VJEZBA4.vcxproj", "{DDE56A35-095E-4C8E-A629-62F0152B38C7}"
EndProject
Global
	GlobalSection(SolutionConfigurationPlatforms) = preSolution
		Debug|x64 = Debug|x64
		Debug|x86 = Debug|x86
		Release|x64 = Release|x64
		Release|x86 = Release|x86
	EndGlobalSection
	GlobalSection(ProjectConfigurationPlatforms) = postSolution
		{DDE56A35-095E-4C8E-A629-62F0152B38C7}.Debug|x64.ActiveCfg = Debug|x64
		{DDE56A35-095E-4C8E-A629-62F0152B38C7}.Debug|x64.Build.0 = Debug|x64
		{DDE56A35-095E-4C8E-A629-62F0152B38C7}.Debug|x86.ActiveCfg = Debug|Win32
		{DDE56A35-095E-4C8E-A629-62F0152B38C7}.Debug|x86.Build.0 = Debug|Win32
		{DDE56A35-095E-4C8E-A629-62F0152B38C7}.Release|x64.ActiveCfg = Release|x64
		{DDE56A35-095E-4C8E-A629-62F0152B38C7}.Release|x64.Build.0 = Release|x64
		{DDE56A35-095E-4C8E-A629-62F0152B38C7}.Release|x86.ActiveCfg = Release|Win32
		{DDE56A35-095E-4C8E-A629-62F0152B38C7}.Release|x86.Build.0 = Release|Win32
	EndGlobalSection
	GlobalSection(SolutionProperties) = preSolution
		HideSolutionNode = FALSE
	EndGlobalSection
	GlobalSection(ExtensibilityGlobals) = postSolution
		SolutionGuid = {4C900E00-62B2-4A62-AE48-81F23E4449EC}
	EndGlobalSection
EndGlobal
